
Microsoft Visual Studio Solution File, Format Version 12.00
# Visual Studio Version 17
VisualStudioVersion = 17.3.32611.2
MinimumVisualStudioVersion = 10.0.40219.1
Project("{9A19103F-16F7-4668-BE54-9A1E7A4F7556}") = "Jarvis.Framework.Shared", "Jarvis.Framework.Shared\Jarvis.Framework.Shared.csproj", "{70B179ED-C419-4782-B080-0D1678C90279}"
EndProject
Project("{9A19103F-16F7-4668-BE54-9A1E7A4F7556}") = "Jarvis.Framework.TestHelpers", "Jarvis.Framework.TestHelpers\Jarvis.Framework.TestHelpers.csproj", "{DF7EF8CC-CDA7-4299-8769-62FDD1654FB9}"
EndProject
Project("{9A19103F-16F7-4668-BE54-9A1E7A4F7556}") = "Jarvis.Framework.Tests", "Jarvis.Framework.Tests\Jarvis.Framework.Tests.csproj", "{D5D90909-CFEF-443E-BDDE-318FE638E5C0}"
EndProject
Project("{9A19103F-16F7-4668-BE54-9A1E7A4F7556}") = "Jarvis.Framework", "Jarvis.Framework\Jarvis.Framework.csproj", "{7CCB4F2F-59BD-4CF9-99F0-707C9DC0470A}"
EndProject
Project("{9A19103F-16F7-4668-BE54-9A1E7A4F7556}") = "Jarvis.Framework.Rebus", "Jarvis.Framework.Rebus\Jarvis.Framework.Rebus.csproj", "{CA8F9C2A-36CF-4125-BD41-32561F87ACAA}"
EndProject
Project("{2150E333-8FDC-42A3-9474-1A3956D46DE8}") = "ReleaseNotes", "ReleaseNotes", "{A216AE2B-BCF6-455C-9510-FA54DBC61CBE}"
	ProjectSection(SolutionItems) = preProject
		Wiki\BreakingChanges.md = Wiki\BreakingChanges.md
		Wiki\ReleaseNotes.md = Wiki\ReleaseNotes.md
	EndProjectSection
EndProject
Global
	GlobalSection(SolutionConfigurationPlatforms) = preSolution
		Debug|Any CPU = Debug|Any CPU
		Release|Any CPU = Release|Any CPU
	EndGlobalSection
	GlobalSection(ProjectConfigurationPlatforms) = postSolution
		{70B179ED-C419-4782-B080-0D1678C90279}.Debug|Any CPU.ActiveCfg = Debug|Any CPU
		{70B179ED-C419-4782-B080-0D1678C90279}.Debug|Any CPU.Build.0 = Debug|Any CPU
		{70B179ED-C419-4782-B080-0D1678C90279}.Release|Any CPU.ActiveCfg = Release|Any CPU
		{70B179ED-C419-4782-B080-0D1678C90279}.Release|Any CPU.Build.0 = Release|Any CPU
		{DF7EF8CC-CDA7-4299-8769-62FDD1654FB9}.Debug|Any CPU.ActiveCfg = Debug|Any CPU
		{DF7EF8CC-CDA7-4299-8769-62FDD1654FB9}.Debug|Any CPU.Build.0 = Debug|Any CPU
		{DF7EF8CC-CDA7-4299-8769-62FDD1654FB9}.Release|Any CPU.ActiveCfg = Release|Any CPU
		{DF7EF8CC-CDA7-4299-8769-62FDD1654FB9}.Release|Any CPU.Build.0 = Release|Any CPU
		{D5D90909-CFEF-443E-BDDE-318FE638E5C0}.Debug|Any CPU.ActiveCfg = Debug|Any CPU
		{D5D90909-CFEF-443E-BDDE-318FE638E5C0}.Debug|Any CPU.Build.0 = Debug|Any CPU
		{D5D90909-CFEF-443E-BDDE-318FE638E5C0}.Release|Any CPU.ActiveCfg = Release|Any CPU
		{D5D90909-CFEF-443E-BDDE-318FE638E5C0}.Release|Any CPU.Build.0 = Release|Any CPU
		{7CCB4F2F-59BD-4CF9-99F0-707C9DC0470A}.Debug|Any CPU.ActiveCfg = Debug|Any CPU
		{7CCB4F2F-59BD-4CF9-99F0-707C9DC0470A}.Debug|Any CPU.Build.0 = Debug|Any CPU
		{7CCB4F2F-59BD-4CF9-99F0-707C9DC0470A}.Release|Any CPU.ActiveCfg = Release|Any CPU
		{7CCB4F2F-59BD-4CF9-99F0-707C9DC0470A}.Release|Any CPU.Build.0 = Release|Any CPU
		{CA8F9C2A-36CF-4125-BD41-32561F87ACAA}.Debug|Any CPU.ActiveCfg = Debug|Any CPU
		{CA8F9C2A-36CF-4125-BD41-32561F87ACAA}.Debug|Any CPU.Build.0 = Debug|Any CPU
		{CA8F9C2A-36CF-4125-BD41-32561F87ACAA}.Release|Any CPU.ActiveCfg = Release|Any CPU
		{CA8F9C2A-36CF-4125-BD41-32561F87ACAA}.Release|Any CPU.Build.0 = Release|Any CPU
	EndGlobalSection
	GlobalSection(SolutionProperties) = preSolution
		HideSolutionNode = FALSE
	EndGlobalSection
	GlobalSection(ExtensibilityGlobals) = postSolution
		SolutionGuid = {B4F12D3B-4FD8-4690-81BA-53398905A577}
	EndGlobalSection
EndGlobal
