
Microsoft Visual Studio Solution File, Format Version 12.00
# Visual Studio 15
VisualStudioVersion = 15.0.26730.3
MinimumVisualStudioVersion = 10.0.40219.1
Project("{FAE04EC0-301F-11D3-BF4B-00C04F79EFBC}") = "Jarvis.Framework.Shared", "Jarvis.Framework.Shared\Jarvis.Framework.Shared.csproj", "{70B179ED-C419-4782-B080-0D1678C90279}"
EndProject
Project("{FAE04EC0-301F-11D3-BF4B-00C04F79EFBC}") = "Jarvis.Framework.Kernel", "Jarvis.Framework.Kernel\Jarvis.Framework.Kernel.csproj", "{203AD69F-E839-46CF-A25A-0ED22EA1ABF8}"
EndProject
Project("{FAE04EC0-301F-11D3-BF4B-00C04F79EFBC}") = "Jarvis.Framework.Bus.Rebus.Integration", "Jarvis.Framework.Bus.Rebus.Integration\Jarvis.Framework.Bus.Rebus.Integration.csproj", "{804D09EF-0E40-4C7C-8064-ADD92B7DE03F}"
EndProject
Project("{FAE04EC0-301F-11D3-BF4B-00C04F79EFBC}") = "Jarvis.Framework.TestHelpers", "Jarvis.Framework.TestHelpers\Jarvis.Framework.TestHelpers.csproj", "{DF7EF8CC-CDA7-4299-8769-62FDD1654FB9}"
EndProject
Project("{FAE04EC0-301F-11D3-BF4B-00C04F79EFBC}") = "Jarvis.Framework.Tests", "Jarvis.Framework.Tests\Jarvis.Framework.Tests.csproj", "{D5D90909-CFEF-443E-BDDE-318FE638E5C0}"
EndProject
Project("{2150E333-8FDC-42A3-9474-1A3956D46DE8}") = ".nuget", ".nuget", "{9870ACBB-CEEB-4C95-9A2F-A0C475F24D27}"
	ProjectSection(SolutionItems) = preProject
		Jarvis.Framework.nuspec = Jarvis.Framework.nuspec
		Jarvis.Framework.Rebus.nuspec = Jarvis.Framework.Rebus.nuspec
		Jarvis.Framework.TestHelpers.nuspec = Jarvis.Framework.TestHelpers.nuspec
		.nuget\packages.config = .nuget\packages.config
	EndProjectSection
EndProject
Project("{2150E333-8FDC-42A3-9474-1A3956D46DE8}") = "Logging", "Logging", "{1478AFD6-4740-4E37-9A4D-61B2151AF663}"
EndProject
Project("{FAE04EC0-301F-11D3-BF4B-00C04F79EFBC}") = "Jarvis.NEventStoreEx", "Jarvis.NEventStoreEx\Jarvis.NEventStoreEx.csproj", "{68A4D5D2-C860-48A5-9189-60BB2A9A7ED1}"
EndProject
Project("{FAE04EC0-301F-11D3-BF4B-00C04F79EFBC}") = "Jarvis.Framework.ElasticLogPoller", "Jarvis.Framework.ElasticLogPoller\Jarvis.Framework.ElasticLogPoller.csproj", "{A3A2F347-F91A-4C31-BE79-4D6132B57812}"
EndProject
Project("{2150E333-8FDC-42A3-9474-1A3956D46DE8}") = "Agents", "Agents", "{BE283BF2-A477-4DBB-8419-37AFB87E69D0}"
EndProject
Project("{FAE04EC0-301F-11D3-BF4B-00C04F79EFBC}") = "Jarvis.MonitoringAgent", "Agents\Jarvis.MonitoringAgent\Jarvis.MonitoringAgent.csproj", "{6839C8C3-A351-48B6-95A3-203234A8FADC}"
EndProject
Project("{FAE04EC0-301F-11D3-BF4B-00C04F79EFBC}") = "Jarvis.MonitoringAgentServer", "Agents\Jarvis.MonitoringAgentServer\Jarvis.MonitoringAgentServer.csproj", "{352BFB74-BD40-4884-8ABE-A0F42F57B4B2}"
EndProject
Project("{FAE04EC0-301F-11D3-BF4B-00C04F79EFBC}") = "Jarvis.MonitoringAgent.Common", "Agents\Jarvis.MonitoringAgent.Common\Jarvis.MonitoringAgent.Common.csproj", "{868856DC-C592-42AF-BB50-485B44B66A22}"
EndProject
Project("{FAE04EC0-301F-11D3-BF4B-00C04F79EFBC}") = "Jarvis.MonitoringAgent.Tests", "Agents\Jarvis.MonitoringAgent.Tests\Jarvis.MonitoringAgent.Tests.csproj", "{B35F9F55-85F4-42E7-B6DC-1D4B0B1EF97E}"
EndProject
Global
	GlobalSection(SolutionConfigurationPlatforms) = preSolution
		Debug|Any CPU = Debug|Any CPU
		Release|Any CPU = Release|Any CPU
	EndGlobalSection
	GlobalSection(ProjectConfigurationPlatforms) = postSolution
		{70B179ED-C419-4782-B080-0D1678C90279}.Debug|Any CPU.ActiveCfg = Debug|Any CPU
		{70B179ED-C419-4782-B080-0D1678C90279}.Debug|Any CPU.Build.0 = Debug|Any CPU
		{70B179ED-C419-4782-B080-0D1678C90279}.Release|Any CPU.ActiveCfg = Release|Any CPU
		{70B179ED-C419-4782-B080-0D1678C90279}.Release|Any CPU.Build.0 = Release|Any CPU
		{203AD69F-E839-46CF-A25A-0ED22EA1ABF8}.Debug|Any CPU.ActiveCfg = Debug|Any CPU
		{203AD69F-E839-46CF-A25A-0ED22EA1ABF8}.Debug|Any CPU.Build.0 = Debug|Any CPU
		{203AD69F-E839-46CF-A25A-0ED22EA1ABF8}.Release|Any CPU.ActiveCfg = Release|Any CPU
		{203AD69F-E839-46CF-A25A-0ED22EA1ABF8}.Release|Any CPU.Build.0 = Release|Any CPU
		{804D09EF-0E40-4C7C-8064-ADD92B7DE03F}.Debug|Any CPU.ActiveCfg = Debug|Any CPU
		{804D09EF-0E40-4C7C-8064-ADD92B7DE03F}.Debug|Any CPU.Build.0 = Debug|Any CPU
		{804D09EF-0E40-4C7C-8064-ADD92B7DE03F}.Release|Any CPU.ActiveCfg = Release|Any CPU
		{804D09EF-0E40-4C7C-8064-ADD92B7DE03F}.Release|Any CPU.Build.0 = Release|Any CPU
		{DF7EF8CC-CDA7-4299-8769-62FDD1654FB9}.Debug|Any CPU.ActiveCfg = Debug|Any CPU
		{DF7EF8CC-CDA7-4299-8769-62FDD1654FB9}.Debug|Any CPU.Build.0 = Debug|Any CPU
		{DF7EF8CC-CDA7-4299-8769-62FDD1654FB9}.Release|Any CPU.ActiveCfg = Release|Any CPU
		{DF7EF8CC-CDA7-4299-8769-62FDD1654FB9}.Release|Any CPU.Build.0 = Release|Any CPU
		{D5D90909-CFEF-443E-BDDE-318FE638E5C0}.Debug|Any CPU.ActiveCfg = Debug|Any CPU
		{D5D90909-CFEF-443E-BDDE-318FE638E5C0}.Debug|Any CPU.Build.0 = Debug|Any CPU
		{D5D90909-CFEF-443E-BDDE-318FE638E5C0}.Release|Any CPU.ActiveCfg = Release|Any CPU
		{D5D90909-CFEF-443E-BDDE-318FE638E5C0}.Release|Any CPU.Build.0 = Release|Any CPU
		{68A4D5D2-C860-48A5-9189-60BB2A9A7ED1}.Debug|Any CPU.ActiveCfg = Debug|Any CPU
		{68A4D5D2-C860-48A5-9189-60BB2A9A7ED1}.Debug|Any CPU.Build.0 = Debug|Any CPU
		{68A4D5D2-C860-48A5-9189-60BB2A9A7ED1}.Release|Any CPU.ActiveCfg = Release|Any CPU
		{68A4D5D2-C860-48A5-9189-60BB2A9A7ED1}.Release|Any CPU.Build.0 = Release|Any CPU
		{A3A2F347-F91A-4C31-BE79-4D6132B57812}.Debug|Any CPU.ActiveCfg = Debug|Any CPU
		{A3A2F347-F91A-4C31-BE79-4D6132B57812}.Debug|Any CPU.Build.0 = Debug|Any CPU
		{A3A2F347-F91A-4C31-BE79-4D6132B57812}.Release|Any CPU.ActiveCfg = Release|Any CPU
		{A3A2F347-F91A-4C31-BE79-4D6132B57812}.Release|Any CPU.Build.0 = Release|Any CPU
		{6839C8C3-A351-48B6-95A3-203234A8FADC}.Debug|Any CPU.ActiveCfg = Debug|Any CPU
		{6839C8C3-A351-48B6-95A3-203234A8FADC}.Debug|Any CPU.Build.0 = Debug|Any CPU
		{6839C8C3-A351-48B6-95A3-203234A8FADC}.Release|Any CPU.ActiveCfg = Release|Any CPU
		{6839C8C3-A351-48B6-95A3-203234A8FADC}.Release|Any CPU.Build.0 = Release|Any CPU
		{352BFB74-BD40-4884-8ABE-A0F42F57B4B2}.Debug|Any CPU.ActiveCfg = Debug|Any CPU
		{352BFB74-BD40-4884-8ABE-A0F42F57B4B2}.Debug|Any CPU.Build.0 = Debug|Any CPU
		{352BFB74-BD40-4884-8ABE-A0F42F57B4B2}.Release|Any CPU.ActiveCfg = Release|Any CPU
		{352BFB74-BD40-4884-8ABE-A0F42F57B4B2}.Release|Any CPU.Build.0 = Release|Any CPU
		{868856DC-C592-42AF-BB50-485B44B66A22}.Debug|Any CPU.ActiveCfg = Debug|Any CPU
		{868856DC-C592-42AF-BB50-485B44B66A22}.Debug|Any CPU.Build.0 = Debug|Any CPU
		{868856DC-C592-42AF-BB50-485B44B66A22}.Release|Any CPU.ActiveCfg = Release|Any CPU
		{868856DC-C592-42AF-BB50-485B44B66A22}.Release|Any CPU.Build.0 = Release|Any CPU
		{B35F9F55-85F4-42E7-B6DC-1D4B0B1EF97E}.Debug|Any CPU.ActiveCfg = Debug|Any CPU
		{B35F9F55-85F4-42E7-B6DC-1D4B0B1EF97E}.Debug|Any CPU.Build.0 = Debug|Any CPU
		{B35F9F55-85F4-42E7-B6DC-1D4B0B1EF97E}.Release|Any CPU.ActiveCfg = Release|Any CPU
		{B35F9F55-85F4-42E7-B6DC-1D4B0B1EF97E}.Release|Any CPU.Build.0 = Release|Any CPU
	EndGlobalSection
	GlobalSection(SolutionProperties) = preSolution
		HideSolutionNode = FALSE
	EndGlobalSection
	GlobalSection(NestedProjects) = preSolution
		{A3A2F347-F91A-4C31-BE79-4D6132B57812} = {1478AFD6-4740-4E37-9A4D-61B2151AF663}
		{6839C8C3-A351-48B6-95A3-203234A8FADC} = {BE283BF2-A477-4DBB-8419-37AFB87E69D0}
		{352BFB74-BD40-4884-8ABE-A0F42F57B4B2} = {BE283BF2-A477-4DBB-8419-37AFB87E69D0}
		{868856DC-C592-42AF-BB50-485B44B66A22} = {BE283BF2-A477-4DBB-8419-37AFB87E69D0}
		{B35F9F55-85F4-42E7-B6DC-1D4B0B1EF97E} = {BE283BF2-A477-4DBB-8419-37AFB87E69D0}
	EndGlobalSection
	GlobalSection(ExtensibilityGlobals) = postSolution
		SolutionGuid = {C9ECE16F-FCD2-40D4-9FFA-C471F9FAE9B8}
	EndGlobalSection
EndGlobal
